
Microsoft Visual Studio Solution File, Format Version 12.00
# Visual Studio Version 16
VisualStudioVersion = 16.0.30011.22
MinimumVisualStudioVersion = 10.0.40219.1
Project("{FAE04EC0-301F-11D3-BF4B-00C04F79EFBC}") = "KoiotoOTCConverter", "KoiotoOTCConverter\KoiotoOTCConverter.csproj", "{4B41C519-448A-4217-9537-57CE6D1E4525}"
EndProject
Global
	GlobalSection(SolutionConfigurationPlatforms) = preSolution
		Debug|Any CPU = Debug|Any CPU
		Release|Any CPU = Release|Any CPU
	EndGlobalSection
	GlobalSection(ProjectConfigurationPlatforms) = postSolution
		{4B41C519-448A-4217-9537-57CE6D1E4525}.Debug|Any CPU.ActiveCfg = Debug|Any CPU
		{4B41C519-448A-4217-9537-57CE6D1E4525}.Debug|Any CPU.Build.0 = Debug|Any CPU
		{4B41C519-448A-4217-9537-57CE6D1E4525}.Release|Any CPU.ActiveCfg = Release|Any CPU
		{4B41C519-448A-4217-9537-57CE6D1E4525}.Release|Any CPU.Build.0 = Release|Any CPU
	EndGlobalSection
	GlobalSection(SolutionProperties) = preSolution
		HideSolutionNode = FALSE
	EndGlobalSection
	GlobalSection(ExtensibilityGlobals) = postSolution
		SolutionGuid = {13490DD5-3B45-4001-ADFF-7E0C2BEEEB1D}
	EndGlobalSection
EndGlobal
